
Microsoft Visual Studio Solution File, Format Version 12.00
# Visual Studio Version 16
VisualStudioVersion = 16.0.29324.140
MinimumVisualStudioVersion = 10.0.40219.1
Project("{9A19103F-16F7-4668-BE54-9A1E7A4F7556}") = "WebApiCheckApp", "WebApiCheckApp\WebApiCheckApp.csproj", "{99231B1F-DD39-415E-BDF2-0A05AA7DE63F}"
EndProject
Project("{2150E333-8FDC-42A3-9474-1A3956D46DE8}") = "1.0 Presentation", "1.0 Presentation", "{F3854B8E-2177-4870-818B-5B80E40ACD25}"
EndProject
Project("{2150E333-8FDC-42A3-9474-1A3956D46DE8}") = "3.0 Domain", "3.0 Domain", "{5771F457-822A-4DF6-A557-6EB144805BD3}"
EndProject
Project("{2150E333-8FDC-42A3-9474-1A3956D46DE8}") = "2.0 Application", "2.0 Application", "{8A411BB2-F4FC-43B2-BDA2-8257193BC0B7}"
EndProject
Project("{2150E333-8FDC-42A3-9474-1A3956D46DE8}") = "4.0 Infrastructure", "4.0 Infrastructure", "{6A030C7F-FD05-4CA7-9D33-95854A3123B7}"
EndProject
Project("{9A19103F-16F7-4668-BE54-9A1E7A4F7556}") = "WebApiCheckApp.Domain", "WebApiCheckApp.Domain\WebApiCheckApp.Domain.csproj", "{22766347-3879-4BDE-BE45-FFD467F9DAE2}"
EndProject
Project("{2150E333-8FDC-42A3-9474-1A3956D46DE8}") = "4.1 Data", "4.1 Data", "{8FCE95EE-A663-4F8B-978C-D4616A1D9571}"
EndProject
Project("{9A19103F-16F7-4668-BE54-9A1E7A4F7556}") = "WebApiCheckApp.Infrastructure.Data", "WebApiCheckApp.Data\WebApiCheckApp.Infrastructure.Data.csproj", "{F088E584-AFDF-4136-9B64-48DF862A33F4}"
EndProject
Project("{9A19103F-16F7-4668-BE54-9A1E7A4F7556}") = "WebApiCheckApp.Domain.Core", "WebApiCheckApp.Domain.Core\WebApiCheckApp.Domain.Core.csproj", "{473DE7E4-5A45-4501-9858-494C35B01945}"
EndProject
Project("{9A19103F-16F7-4668-BE54-9A1E7A4F7556}") = "WebApiCheckApp.Domain.Services", "WebApiCheckApp.Domain.Services\WebApiCheckApp.Domain.Services.csproj", "{8E46D5B2-E9A4-42A5-BA5F-BBF54753E87A}"
EndProject
Project("{9A19103F-16F7-4668-BE54-9A1E7A4F7556}") = "WebApiCheckApp.Application", "WebApiCheckApp.Application\WebApiCheckApp.Application.csproj", "{66DEB828-5310-4EE6-B864-EACE4CDCE9FF}"
EndProject
Project("{9A19103F-16F7-4668-BE54-9A1E7A4F7556}") = "webApiCheckApp.Application.DTO", "webApiCheckApp.Application.DTO\webApiCheckApp.Application.DTO.csproj", "{4C1457E9-A4BC-404F-94C1-AF733B103F11}"
EndProject
Project("{9A19103F-16F7-4668-BE54-9A1E7A4F7556}") = "WebApiCheckApp.Infrastructure.Repository", "WebApiCheckApp.Infrastruture.Repository\WebApiCheckApp.Infrastructure.Repository.csproj", "{A2B17DD0-8A8B-49AE-B0A8-9A6D73D07A07}"
EndProject
Project("{2150E333-8FDC-42A3-9474-1A3956D46DE8}") = "4.2 CrossCutting", "4.2 CrossCutting", "{1B2DBED9-F488-4F99-BCBF-05D5A0353135}"
EndProject
Project("{9A19103F-16F7-4668-BE54-9A1E7A4F7556}") = "WebApiCheckApp.Infrastructure.CrossCutting.Adapter", "WebApiCheckApp.Infrastruture.CrossCutting.Adapter\WebApiCheckApp.Infrastructure.CrossCutting.Adapter.csproj", "{76C3F30C-29B9-47E4-B43B-9F1CEF95E299}"
EndProject
Project("{9A19103F-16F7-4668-BE54-9A1E7A4F7556}") = "WebApiCheckApp.Infrastructure.CrossCutting.IOC", "WebApiCheckApp.Infrastruture.CrossCutting.IOC\WebApiCheckApp.Infrastructure.CrossCutting.IOC.csproj", "{7CDB496A-E8E1-4B82-8BC0-6C37477B6294}"
EndProject
Global
	GlobalSection(SolutionConfigurationPlatforms) = preSolution
		Debug|Any CPU = Debug|Any CPU
		Release|Any CPU = Release|Any CPU
	EndGlobalSection
	GlobalSection(ProjectConfigurationPlatforms) = postSolution
		{99231B1F-DD39-415E-BDF2-0A05AA7DE63F}.Debug|Any CPU.ActiveCfg = Debug|Any CPU
		{99231B1F-DD39-415E-BDF2-0A05AA7DE63F}.Debug|Any CPU.Build.0 = Debug|Any CPU
		{99231B1F-DD39-415E-BDF2-0A05AA7DE63F}.Release|Any CPU.ActiveCfg = Release|Any CPU
		{99231B1F-DD39-415E-BDF2-0A05AA7DE63F}.Release|Any CPU.Build.0 = Release|Any CPU
		{22766347-3879-4BDE-BE45-FFD467F9DAE2}.Debug|Any CPU.ActiveCfg = Debug|Any CPU
		{22766347-3879-4BDE-BE45-FFD467F9DAE2}.Debug|Any CPU.Build.0 = Debug|Any CPU
		{22766347-3879-4BDE-BE45-FFD467F9DAE2}.Release|Any CPU.ActiveCfg = Release|Any CPU
		{22766347-3879-4BDE-BE45-FFD467F9DAE2}.Release|Any CPU.Build.0 = Release|Any CPU
		{F088E584-AFDF-4136-9B64-48DF862A33F4}.Debug|Any CPU.ActiveCfg = Debug|Any CPU
		{F088E584-AFDF-4136-9B64-48DF862A33F4}.Debug|Any CPU.Build.0 = Debug|Any CPU
		{F088E584-AFDF-4136-9B64-48DF862A33F4}.Release|Any CPU.ActiveCfg = Release|Any CPU
		{F088E584-AFDF-4136-9B64-48DF862A33F4}.Release|Any CPU.Build.0 = Release|Any CPU
		{473DE7E4-5A45-4501-9858-494C35B01945}.Debug|Any CPU.ActiveCfg = Debug|Any CPU
		{473DE7E4-5A45-4501-9858-494C35B01945}.Debug|Any CPU.Build.0 = Debug|Any CPU
		{473DE7E4-5A45-4501-9858-494C35B01945}.Release|Any CPU.ActiveCfg = Release|Any CPU
		{473DE7E4-5A45-4501-9858-494C35B01945}.Release|Any CPU.Build.0 = Release|Any CPU
		{8E46D5B2-E9A4-42A5-BA5F-BBF54753E87A}.Debug|Any CPU.ActiveCfg = Debug|Any CPU
		{8E46D5B2-E9A4-42A5-BA5F-BBF54753E87A}.Debug|Any CPU.Build.0 = Debug|Any CPU
		{8E46D5B2-E9A4-42A5-BA5F-BBF54753E87A}.Release|Any CPU.ActiveCfg = Release|Any CPU
		{8E46D5B2-E9A4-42A5-BA5F-BBF54753E87A}.Release|Any CPU.Build.0 = Release|Any CPU
		{66DEB828-5310-4EE6-B864-EACE4CDCE9FF}.Debug|Any CPU.ActiveCfg = Debug|Any CPU
		{66DEB828-5310-4EE6-B864-EACE4CDCE9FF}.Debug|Any CPU.Build.0 = Debug|Any CPU
		{66DEB828-5310-4EE6-B864-EACE4CDCE9FF}.Release|Any CPU.ActiveCfg = Release|Any CPU
		{66DEB828-5310-4EE6-B864-EACE4CDCE9FF}.Release|Any CPU.Build.0 = Release|Any CPU
		{4C1457E9-A4BC-404F-94C1-AF733B103F11}.Debug|Any CPU.ActiveCfg = Debug|Any CPU
		{4C1457E9-A4BC-404F-94C1-AF733B103F11}.Debug|Any CPU.Build.0 = Debug|Any CPU
		{4C1457E9-A4BC-404F-94C1-AF733B103F11}.Release|Any CPU.ActiveCfg = Release|Any CPU
		{4C1457E9-A4BC-404F-94C1-AF733B103F11}.Release|Any CPU.Build.0 = Release|Any CPU
		{A2B17DD0-8A8B-49AE-B0A8-9A6D73D07A07}.Debug|Any CPU.ActiveCfg = Debug|Any CPU
		{A2B17DD0-8A8B-49AE-B0A8-9A6D73D07A07}.Debug|Any CPU.Build.0 = Debug|Any CPU
		{A2B17DD0-8A8B-49AE-B0A8-9A6D73D07A07}.Release|Any CPU.ActiveCfg = Release|Any CPU
		{A2B17DD0-8A8B-49AE-B0A8-9A6D73D07A07}.Release|Any CPU.Build.0 = Release|Any CPU
		{76C3F30C-29B9-47E4-B43B-9F1CEF95E299}.Debug|Any CPU.ActiveCfg = Debug|Any CPU
		{76C3F30C-29B9-47E4-B43B-9F1CEF95E299}.Debug|Any CPU.Build.0 = Debug|Any CPU
		{76C3F30C-29B9-47E4-B43B-9F1CEF95E299}.Release|Any CPU.ActiveCfg = Release|Any CPU
		{76C3F30C-29B9-47E4-B43B-9F1CEF95E299}.Release|Any CPU.Build.0 = Release|Any CPU
		{7CDB496A-E8E1-4B82-8BC0-6C37477B6294}.Debug|Any CPU.ActiveCfg = Debug|Any CPU
		{7CDB496A-E8E1-4B82-8BC0-6C37477B6294}.Debug|Any CPU.Build.0 = Debug|Any CPU
		{7CDB496A-E8E1-4B82-8BC0-6C37477B6294}.Release|Any CPU.ActiveCfg = Release|Any CPU
		{7CDB496A-E8E1-4B82-8BC0-6C37477B6294}.Release|Any CPU.Build.0 = Release|Any CPU
	EndGlobalSection
	GlobalSection(SolutionProperties) = preSolution
		HideSolutionNode = FALSE
	EndGlobalSection
	GlobalSection(NestedProjects) = preSolution
		{99231B1F-DD39-415E-BDF2-0A05AA7DE63F} = {F3854B8E-2177-4870-818B-5B80E40ACD25}
		{22766347-3879-4BDE-BE45-FFD467F9DAE2} = {5771F457-822A-4DF6-A557-6EB144805BD3}
		{8FCE95EE-A663-4F8B-978C-D4616A1D9571} = {6A030C7F-FD05-4CA7-9D33-95854A3123B7}
		{F088E584-AFDF-4136-9B64-48DF862A33F4} = {8FCE95EE-A663-4F8B-978C-D4616A1D9571}
		{473DE7E4-5A45-4501-9858-494C35B01945} = {5771F457-822A-4DF6-A557-6EB144805BD3}
		{8E46D5B2-E9A4-42A5-BA5F-BBF54753E87A} = {5771F457-822A-4DF6-A557-6EB144805BD3}
		{66DEB828-5310-4EE6-B864-EACE4CDCE9FF} = {8A411BB2-F4FC-43B2-BDA2-8257193BC0B7}
		{4C1457E9-A4BC-404F-94C1-AF733B103F11} = {8A411BB2-F4FC-43B2-BDA2-8257193BC0B7}
		{A2B17DD0-8A8B-49AE-B0A8-9A6D73D07A07} = {8FCE95EE-A663-4F8B-978C-D4616A1D9571}
		{1B2DBED9-F488-4F99-BCBF-05D5A0353135} = {6A030C7F-FD05-4CA7-9D33-95854A3123B7}
		{76C3F30C-29B9-47E4-B43B-9F1CEF95E299} = {1B2DBED9-F488-4F99-BCBF-05D5A0353135}
		{7CDB496A-E8E1-4B82-8BC0-6C37477B6294} = {1B2DBED9-F488-4F99-BCBF-05D5A0353135}
	EndGlobalSection
	GlobalSection(ExtensibilityGlobals) = postSolution
		SolutionGuid = {9FEB73E6-42C2-449E-A759-D928B7155B64}
	EndGlobalSection
EndGlobal
